# Development dependency lock file
# Generated automatically by scripts/update_dependencies.py -- do not edit manually.
# Installed requirements-dev.txt into a fresh, isolated virtual environment and froze
# it, so this can only ever contain what that requirements file actually declares --
# never whatever else happens to be installed in the environment running this script.
# Python version: 3.13+

CacheControl==0.14.4
PyYAML==6.0.3
Pygments==2.21.0
aiohappyeyeballs==2.7.1
aiohttp==3.14.4
aiosignal==1.4.0
ast_serialize==0.12.1
attrs==26.1.0
bandit==1.9.4
boolean.py==5.0
build==1.6.1
certifi==2026.7.22
charset-normalizer==3.5.2
coverage==7.16.2
cyclonedx-python-lib==11.12.0
defusedxml==0.7.1
docutils==0.23
filelock==4.0.12
frozenlist==1.8.0
id==1.6.1
idna==3.20
iniconfig==2.3.1
jaraco.classes==3.4.0
jaraco.context==6.1.2
jaraco.functools==4.6.0
keyring==25.7.0
librt==0.16.0
license-expression==30.4.4
markdown-it-py==4.2.0
mdurl==0.1.2
more-itertools==11.1.0
msgpack==1.2.3
multidict==6.9.1
mypy==2.4.0
mypy_extensions==1.1.0
nh3==0.3.7
packageurl-python==0.17.6
packaging==26.3
pathspec==1.1.1
pip-requirements-parser==32.0.1
pip_api==0.0.35
pip_audit==2.10.1
platformdirs==4.12.3
pluggy==1.6.0
propcache==0.5.4
psutil==7.2.2
py-serializable==2.1.0
pyparsing==3.3.3
pyproject_hooks==1.3.3
pytest-asyncio==1.4.0
pytest-cov==7.1.0
pytest-mock==3.16.0
pytest-timeout==2.4.0
pytest==9.1.1
readme_renderer==46.0
requests-toolbelt==1.0.0
requests==2.34.2
rfc3986==2.0.0
rich==15.0.0
ruff==0.16.10
sortedcontainers==2.4.0
stevedore==5.9.1
tabulate==0.10.0
termcolor==3.3.0
tomli==2.4.1
tomli_w==1.2.0
tqdm==4.70.1
twine==7.0.0
types-PyYAML==6.0.12.20260906
typing_extensions==4.16.0
urllib3==2.8.0
wheel==0.48.0
yarl==1.25.1
