# Development dependency lock file
# Generated automatically by scripts/update_dependencies.py -- do not edit manually.
# Installed requirements-dev.txt into a fresh, isolated virtual environment and froze
# it, so this can only ever contain what that requirements file actually declares --
# never whatever else happens to be installed in the environment running this script.
# Python version: 3.13+

CacheControl==0.14.4
PyYAML==6.0.3
Pygments==2.20.0
aiohappyeyeballs==2.7.1
aiohttp==3.14.3
aiosignal==1.4.0
ast_serialize==0.8.0
attrs==26.1.0
bandit==1.9.4
black==26.5.1
boolean.py==5.0
build==1.5.0
certifi==2026.7.22
charset-normalizer==3.5.0
click==8.4.2
coverage==7.15.4
cyclonedx-python-lib==11.12.0
defusedxml==0.7.1
docutils==0.23
filelock==3.32.3
frozenlist==1.8.0
id==1.6.1
idna==3.18
iniconfig==2.3.0
jaraco.classes==3.4.0
jaraco.context==6.1.2
jaraco.functools==4.6.0
keyring==25.7.0
librt==0.15.0
license-expression==30.4.4
markdown-it-py==4.2.0
mdurl==0.1.2
more-itertools==11.1.0
msgpack==1.2.1
multidict==6.7.1
mypy==2.3.0
mypy_extensions==1.1.0
nh3==0.3.6
packageurl-python==0.17.6
packaging==26.3
pathspec==1.1.1
pip-api==0.0.34
pip-requirements-parser==32.0.1
pip_audit==2.10.1
platformdirs==4.11.3
pluggy==1.6.0
propcache==0.5.2
psutil==7.2.2
py-serializable==2.1.0
pyparsing==3.3.2
pyproject_hooks==1.2.0
pytest-asyncio==1.4.0
pytest-cov==7.1.0
pytest-mock==3.15.1
pytest-timeout==2.4.0
pytest==9.1.1
pytokens==0.4.1
readme_renderer==45.0
requests-toolbelt==1.0.0
requests==2.34.2
rfc3986==2.0.0
rich==15.0.0
ruff==0.16.2
sortedcontainers==2.4.0
stevedore==5.9.0
tabulate==0.10.0
termcolor==3.3.0
tomli==2.4.1
tomli_w==1.2.0
tqdm==4.70.0
twine==7.0.0
types-PyYAML==6.0.12.20260724
typing_extensions==4.16.0
urllib3==2.7.0
wheel==0.48.0
yarl==1.24.5
