#
# This file is autogenerated by pip-compile with Python 3.12
# by the following command:
#
#    pip-compile --constraint=constraints.txt --output-file=requirements-py313.lock requirements-py313.txt
#
aiohappyeyeballs==2.6.1
    # via aiohttp
aiohttp==3.12.15
    # via
    #   -c constraints.txt
    #   -r requirements-py313.txt
aiosignal==1.4.0
    # via aiohttp
attrs==25.3.0
    # via aiohttp
bandit[toml]==1.8.6
    # via
    #   -c constraints.txt
    #   -r requirements-py313.txt
build==1.2.2.post1
    # via
    #   -c constraints.txt
    #   -r requirements-py313.txt
certifi==2025.7.14
    # via requests
cfgv==3.4.0
    # via pre-commit
charset-normalizer==3.4.2
    # via requests
coverage[toml]==7.10.1
    # via
    #   -c constraints.txt
    #   pytest-cov
distlib==0.4.0
    # via virtualenv
docutils==0.22
    # via readme-renderer
execnet==2.1.1
    # via pytest-xdist
filelock==3.18.0
    # via virtualenv
frozenlist==1.7.0
    # via
    #   aiohttp
    #   aiosignal
fuzzywuzzy==0.18.0
    # via -r requirements-py313.txt
id==1.5.0
    # via twine
identify==2.6.12
    # via pre-commit
idna==3.10
    # via
    #   requests
    #   yarl
iniconfig==2.1.0
    # via pytest
jaraco-classes==3.4.0
    # via keyring
jaraco-context==6.0.1
    # via keyring
jaraco-functools==4.2.1
    # via keyring
keyring==25.6.0
    # via twine
markdown-it-py==3.0.0
    # via rich
mdurl==0.1.2
    # via markdown-it-py
more-itertools==10.7.0
    # via
    #   jaraco-classes
    #   jaraco-functools
multidict==6.6.3
    # via
    #   aiohttp
    #   yarl
mypy==1.17.1
    # via
    #   -c constraints.txt
    #   -r requirements-py313.txt
mypy-extensions==1.1.0
    # via mypy
nh3==0.3.0
    # via readme-renderer
nodeenv==1.9.1
    # via pre-commit
packaging==25.0
    # via
    #   -c constraints.txt
    #   build
    #   pytest
    #   twine
pathspec==0.12.1
    # via mypy
pbr==6.1.1
    # via stevedore
platformdirs==4.3.8
    # via virtualenv
pluggy==1.6.0
    # via
    #   pytest
    #   pytest-cov
pre-commit==4.2.0
    # via
    #   -c constraints.txt
    #   -r requirements-py313.txt
propcache==0.3.2
    # via
    #   aiohttp
    #   yarl
psutil==6.1.1
    # via
    #   -c constraints.txt
    #   -r requirements-py313.txt
pygments==2.19.2
    # via
    #   pytest
    #   readme-renderer
    #   rich
pyproject-hooks==1.2.0
    # via build
pytest==8.4.1
    # via
    #   -c constraints.txt
    #   -r requirements-py313.txt
    #   pytest-asyncio
    #   pytest-cov
    #   pytest-mock
    #   pytest-timeout
    #   pytest-xdist
pytest-asyncio==1.1.0
    # via
    #   -c constraints.txt
    #   -r requirements-py313.txt
pytest-cov==6.2.1
    # via
    #   -c constraints.txt
    #   -r requirements-py313.txt
pytest-mock==3.14.1
    # via
    #   -c constraints.txt
    #   -r requirements-py313.txt
pytest-timeout==2.4.0
    # via
    #   -c constraints.txt
    #   -r requirements-py313.txt
pytest-xdist==3.8.0
    # via
    #   -c constraints.txt
    #   -r requirements-py313.txt
pyyaml==6.0.2
    # via
    #   -c constraints.txt
    #   -r requirements-py313.txt
    #   bandit
    #   pre-commit
rapidfuzz==3.13.0
    # via
    #   -c constraints.txt
    #   -r requirements-py313.txt
readme-renderer==44.0
    # via twine
requests==2.32.4
    # via
    #   -c constraints.txt
    #   id
    #   requests-toolbelt
    #   twine
requests-toolbelt==1.0.0
    # via twine
rfc3986==2.0.0
    # via twine
rich==14.1.0
    # via
    #   bandit
    #   twine
ruff==0.12.7
    # via
    #   -c constraints.txt
    #   -r requirements-py313.txt
stevedore==5.4.1
    # via bandit
tabulate==0.9.0
    # via
    #   -c constraints.txt
    #   -r requirements-py313.txt
termcolor==3.1.0
    # via
    #   -c constraints.txt
    #   -r requirements-py313.txt
tqdm==4.67.1
    # via
    #   -c constraints.txt
    #   -r requirements-py313.txt
twine==6.1.0
    # via
    #   -c constraints.txt
    #   -r requirements-py313.txt
typing-extensions==4.14.1
    # via
    #   aiosignal
    #   mypy
urllib3==2.5.0
    # via
    #   -c constraints.txt
    #   requests
    #   twine
virtualenv==20.32.0
    # via pre-commit
wheel==0.45.1
    # via
    #   -c constraints.txt
    #   -r requirements-py313.txt
yarl==1.20.1
    # via aiohttp

# The following packages are considered to be unsafe in a requirements file:
# setuptools
