aiohappyeyeballs==2.6.1
aiohttp==3.12.14
aiosignal==1.4.0
attrs==25.3.0
coverage==7.9.2
frozenlist==1.7.0
fuzzywuzzy==0.18.0
idna==3.10
iniconfig==2.1.0
multidict==6.6.3
packaging==25.0
pluggy==1.6.0
propcache==0.3.2
psutil==7.0.0
Pygments==2.19.2
pytest==8.4.1
pytest-asyncio==1.1.0
pytest-cov==6.2.1
pytest-timeout==2.4.0
PyYAML==6.0.2
RapidFuzz==3.13.0
tabulate==0.9.0
termcolor==3.1.0
toml==0.10.2
tqdm==4.67.1
typing_extensions==4.14.1
-e git+https://github.com/docdyhr/versiontracker.git@aade751f4a977482e5f205d7898d06f8c4a23001#egg=versiontracker
yarl==1.20.1
